// !$*UTF8*$!
{
	archiveVersion = 1;
	classes = {
	};
	objectVersion = 50;
	objects = {

/* Begin PBXBuildFile section */
		E669ED92213A014E00710F5D /* AppDelegate.swift in Sources */ = {isa = PBXBuildFile; fileRef = E669ED91213A014E00710F5D /* AppDelegate.swift */; };
		E669ED94213A014E00710F5D /* ViewController.swift in Sources */ = {isa = PBXBuildFile; fileRef = E669ED93213A014E00710F5D /* ViewController.swift */; };
		E669ED99213A014E00710F5D /* Assets.xcassets in Resources */ = {isa = PBXBuildFile; fileRef = E669ED98213A014E00710F5D /* Assets.xcassets */; };
		E669ED9C213A014E00710F5D /* LaunchScreen.storyboard in Resources */ = {isa = PBXBuildFile; fileRef = E669ED9A213A014E00710F5D /* LaunchScreen.storyboard */; };
		E669EDA5213A058000710F5D /* AppWindow.swift in Sources */ = {isa = PBXBuildFile; fileRef = E669EDA4213A058000710F5D /* AppWindow.swift */; };
		E669EDA8213A084900710F5D /* HUDObjectsViewController.swift in Sources */ = {isa = PBXBuildFile; fileRef = E669EDA7213A084900710F5D /* HUDObjectsViewController.swift */; };
		E669EDAC213A0FC000710F5D /* HUDObjectsDataSource.swift in Sources */ = {isa = PBXBuildFile; fileRef = E669EDAB213A0FC000710F5D /* HUDObjectsDataSource.swift */; };
		E6C379DF213A2D2B0039D774 /* Object.swift in Sources */ = {isa = PBXBuildFile; fileRef = E6C379DE213A2D2B0039D774 /* Object.swift */; };
		E6C379E2213A2D910039D774 /* ObjectFactory.swift in Sources */ = {isa = PBXBuildFile; fileRef = E6C379E1213A2D910039D774 /* ObjectFactory.swift */; };
		E6C379E4213A30460039D774 /* Localizable.strings in Resources */ = {isa = PBXBuildFile; fileRef = E6C379E3213A30460039D774 /* Localizable.strings */; };
		E6C379E7213A30910039D774 /* String+Extensions.swift in Sources */ = {isa = PBXBuildFile; fileRef = E6C379E6213A30910039D774 /* String+Extensions.swift */; };
		E6C379E9213AB2FE0039D774 /* ViewControllerObject.swift in Sources */ = {isa = PBXBuildFile; fileRef = E6C379E8213AB2FE0039D774 /* ViewControllerObject.swift */; };
		E6C379EB213AB3B70039D774 /* NavigationControllerObject.swift in Sources */ = {isa = PBXBuildFile; fileRef = E6C379EA213AB3B70039D774 /* NavigationControllerObject.swift */; };
		E6C379ED213AB40E0039D774 /* TableViewControllerObject.swift in Sources */ = {isa = PBXBuildFile; fileRef = E6C379EC213AB40E0039D774 /* TableViewControllerObject.swift */; };
		E6C379EF213AD9790039D774 /* ViewObject.swift in Sources */ = {isa = PBXBuildFile; fileRef = E6C379EE213AD9790039D774 /* ViewObject.swift */; };
		E6C379F1213ADA770039D774 /* ContainerViewObject.swift in Sources */ = {isa = PBXBuildFile; fileRef = E6C379F0213ADA770039D774 /* ContainerViewObject.swift */; };
		E6C379F5213B66D70039D774 /* ButtonObject.swift in Sources */ = {isa = PBXBuildFile; fileRef = E6C379F4213B66D70039D774 /* ButtonObject.swift */; };
/* End PBXBuildFile section */

/* Begin PBXFileReference section */
		E669ED8E213A014E00710F5D /* Moproto.app */ = {isa = PBXFileReference; explicitFileType = wrapper.application; includeInIndex = 0; path = Moproto.app; sourceTree = BUILT_PRODUCTS_DIR; };
		E669ED91213A014E00710F5D /* AppDelegate.swift */ = {isa = PBXFileReference; lastKnownFileType = sourcecode.swift; path = AppDelegate.swift; sourceTree = "<group>"; };
		E669ED93213A014E00710F5D /* ViewController.swift */ = {isa = PBXFileReference; lastKnownFileType = sourcecode.swift; path = ViewController.swift; sourceTree = "<group>"; };
		E669ED98213A014E00710F5D /* Assets.xcassets */ = {isa = PBXFileReference; lastKnownFileType = folder.assetcatalog; path = Assets.xcassets; sourceTree = "<group>"; };
		E669ED9B213A014E00710F5D /* Base */ = {isa = PBXFileReference; lastKnownFileType = file.storyboard; name = Base; path = Base.lproj/LaunchScreen.storyboard; sourceTree = "<group>"; };
		E669ED9D213A014E00710F5D /* Info.plist */ = {isa = PBXFileReference; lastKnownFileType = text.plist.xml; path = Info.plist; sourceTree = "<group>"; };
		E669EDA4213A058000710F5D /* AppWindow.swift */ = {isa = PBXFileReference; lastKnownFileType = sourcecode.swift; path = AppWindow.swift; sourceTree = "<group>"; };
		E669EDA7213A084900710F5D /* HUDObjectsViewController.swift */ = {isa = PBXFileReference; lastKnownFileType = sourcecode.swift; path = HUDObjectsViewController.swift; sourceTree = "<group>"; };
		E669EDAB213A0FC000710F5D /* HUDObjectsDataSource.swift */ = {isa = PBXFileReference; lastKnownFileType = sourcecode.swift; path = HUDObjectsDataSource.swift; sourceTree = "<group>"; };
		E6C379DE213A2D2B0039D774 /* Object.swift */ = {isa = PBXFileReference; lastKnownFileType = sourcecode.swift; path = Object.swift; sourceTree = "<group>"; };
		E6C379E1213A2D910039D774 /* ObjectFactory.swift */ = {isa = PBXFileReference; lastKnownFileType = sourcecode.swift; path = ObjectFactory.swift; sourceTree = "<group>"; };
		E6C379E3213A30460039D774 /* Localizable.strings */ = {isa = PBXFileReference; lastKnownFileType = text.plist.strings; path = Localizable.strings; sourceTree = "<group>"; };
		E6C379E6213A30910039D774 /* String+Extensions.swift */ = {isa = PBXFileReference; lastKnownFileType = sourcecode.swift; path = "String+Extensions.swift"; sourceTree = "<group>"; };
		E6C379E8213AB2FE0039D774 /* ViewControllerObject.swift */ = {isa = PBXFileReference; lastKnownFileType = sourcecode.swift; path = ViewControllerObject.swift; sourceTree = "<group>"; };
		E6C379EA213AB3B70039D774 /* NavigationControllerObject.swift */ = {isa = PBXFileReference; lastKnownFileType = sourcecode.swift; path = NavigationControllerObject.swift; sourceTree = "<group>"; };
		E6C379EC213AB40E0039D774 /* TableViewControllerObject.swift */ = {isa = PBXFileReference; lastKnownFileType = sourcecode.swift; path = TableViewControllerObject.swift; sourceTree = "<group>"; };
		E6C379EE213AD9790039D774 /* ViewObject.swift */ = {isa = PBXFileReference; lastKnownFileType = sourcecode.swift; path = ViewObject.swift; sourceTree = "<group>"; };
		E6C379F0213ADA770039D774 /* ContainerViewObject.swift */ = {isa = PBXFileReference; lastKnownFileType = sourcecode.swift; path = ContainerViewObject.swift; sourceTree = "<group>"; };
		E6C379F4213B66D70039D774 /* ButtonObject.swift */ = {isa = PBXFileReference; lastKnownFileType = sourcecode.swift; path = ButtonObject.swift; sourceTree = "<group>"; };
/* End PBXFileReference section */

/* Begin PBXFrameworksBuildPhase section */
		E669ED8B213A014E00710F5D /* Frameworks */ = {
			isa = PBXFrameworksBuildPhase;
			buildActionMask = 2147483647;
			files = (
			);
			runOnlyForDeploymentPostprocessing = 0;
		};
/* End PBXFrameworksBuildPhase section */

/* Begin PBXGroup section */
		E669ED85213A014D00710F5D = {
			isa = PBXGroup;
			children = (
				E6C379E3213A30460039D774 /* Localizable.strings */,
				E669ED90213A014E00710F5D /* Moproto */,
				E669ED8F213A014E00710F5D /* Products */,
			);
			sourceTree = "<group>";
		};
		E669ED8F213A014E00710F5D /* Products */ = {
			isa = PBXGroup;
			children = (
				E669ED8E213A014E00710F5D /* Moproto.app */,
			);
			name = Products;
			sourceTree = "<group>";
		};
		E669ED90213A014E00710F5D /* Moproto */ = {
			isa = PBXGroup;
			children = (
				E6C379E5213A30800039D774 /* Extensions */,
				E6C379DD213A2D1D0039D774 /* Objects */,
				E669EDA6213A083A00710F5D /* HUD */,
				E669EDA3213A04D400710F5D /* Root */,
				E669ED91213A014E00710F5D /* AppDelegate.swift */,
				E669ED93213A014E00710F5D /* ViewController.swift */,
				E669ED98213A014E00710F5D /* Assets.xcassets */,
				E669ED9A213A014E00710F5D /* LaunchScreen.storyboard */,
				E669ED9D213A014E00710F5D /* Info.plist */,
			);
			path = Moproto;
			sourceTree = "<group>";
		};
		E669EDA3213A04D400710F5D /* Root */ = {
			isa = PBXGroup;
			children = (
				E669EDA4213A058000710F5D /* AppWindow.swift */,
			);
			path = Root;
			sourceTree = "<group>";
		};
		E669EDA6213A083A00710F5D /* HUD */ = {
			isa = PBXGroup;
			children = (
				E669EDA7213A084900710F5D /* HUDObjectsViewController.swift */,
				E669EDAB213A0FC000710F5D /* HUDObjectsDataSource.swift */,
			);
			path = HUD;
			sourceTree = "<group>";
		};
		E6C379DD213A2D1D0039D774 /* Objects */ = {
			isa = PBXGroup;
			children = (
				E6C379DE213A2D2B0039D774 /* Object.swift */,
				E6C379E1213A2D910039D774 /* ObjectFactory.swift */,
				E6C379E8213AB2FE0039D774 /* ViewControllerObject.swift */,
				E6C379EA213AB3B70039D774 /* NavigationControllerObject.swift */,
				E6C379EC213AB40E0039D774 /* TableViewControllerObject.swift */,
				E6C379F4213B66D70039D774 /* ButtonObject.swift */,
				E6C379EE213AD9790039D774 /* ViewObject.swift */,
				E6C379F0213ADA770039D774 /* ContainerViewObject.swift */,
			);
			path = Objects;
			sourceTree = "<group>";
		};
		E6C379E5213A30800039D774 /* Extensions */ = {
			isa = PBXGroup;
			children = (
				E6C379E6213A30910039D774 /* String+Extensions.swift */,
			);
			path = Extensions;
			sourceTree = "<group>";
		};
/* End PBXGroup section */

/* Begin PBXNativeTarget section */
		E669ED8D213A014E00710F5D /* Moproto */ = {
			isa = PBXNativeTarget;
			buildConfigurationList = E669EDA0213A014E00710F5D /* Build configuration list for PBXNativeTarget "Moproto" */;
			buildPhases = (
				E669ED8A213A014E00710F5D /* Sources */,
				E669ED8B213A014E00710F5D /* Frameworks */,
				E669ED8C213A014E00710F5D /* Resources */,
			);
			buildRules = (
			);
			dependencies = (
			);
			name = Moproto;
			productName = Moproto;
			productReference = E669ED8E213A014E00710F5D /* Moproto.app */;
			productType = "com.apple.product-type.application";
		};
/* End PBXNativeTarget section */

/* Begin PBXProject section */
		E669ED86213A014D00710F5D /* Project object */ = {
			isa = PBXProject;
			attributes = {
				LastSwiftUpdateCheck = 1000;
				LastUpgradeCheck = 1000;
				ORGANIZATIONNAME = "Joe Blau";
				TargetAttributes = {
					E669ED8D213A014E00710F5D = {
						CreatedOnToolsVersion = 10.0;
					};
				};
			};
			buildConfigurationList = E669ED89213A014D00710F5D /* Build configuration list for PBXProject "Moproto" */;
			compatibilityVersion = "Xcode 9.3";
			developmentRegion = en;
			hasScannedForEncodings = 0;
			knownRegions = (
				en,
				Base,
			);
			mainGroup = E669ED85213A014D00710F5D;
			productRefGroup = E669ED8F213A014E00710F5D /* Products */;
			projectDirPath = "";
			projectRoot = "";
			targets = (
				E669ED8D213A014E00710F5D /* Moproto */,
			);
		};
/* End PBXProject section */

/* Begin PBXResourcesBuildPhase section */
		E669ED8C213A014E00710F5D /* Resources */ = {
			isa = PBXResourcesBuildPhase;
			buildActionMask = 2147483647;
			files = (
				E669ED9C213A014E00710F5D /* LaunchScreen.storyboard in Resources */,
				E6C379E4213A30460039D774 /* Localizable.strings in Resources */,
				E669ED99213A014E00710F5D /* Assets.xcassets in Resources */,
			);
			runOnlyForDeploymentPostprocessing = 0;
		};
/* End PBXResourcesBuildPhase section */

/* Begin PBXSourcesBuildPhase section */
		E669ED8A213A014E00710F5D /* Sources */ = {
			isa = PBXSourcesBuildPhase;
			buildActionMask = 2147483647;
			files = (
				E669ED94213A014E00710F5D /* ViewController.swift in Sources */,
				E6C379E9213AB2FE0039D774 /* ViewControllerObject.swift in Sources */,
				E669EDAC213A0FC000710F5D /* HUDObjectsDataSource.swift in Sources */,
				E6C379E2213A2D910039D774 /* ObjectFactory.swift in Sources */,
				E669EDA5213A058000710F5D /* AppWindow.swift in Sources */,
				E6C379F1213ADA770039D774 /* ContainerViewObject.swift in Sources */,
				E6C379F5213B66D70039D774 /* ButtonObject.swift in Sources */,
				E6C379EF213AD9790039D774 /* ViewObject.swift in Sources */,
				E6C379E7213A30910039D774 /* String+Extensions.swift in Sources */,
				E6C379EB213AB3B70039D774 /* NavigationControllerObject.swift in Sources */,
				E669EDA8213A084900710F5D /* HUDObjectsViewController.swift in Sources */,
				E6C379ED213AB40E0039D774 /* TableViewControllerObject.swift in Sources */,
				E6C379DF213A2D2B0039D774 /* Object.swift in Sources */,
				E669ED92213A014E00710F5D /* AppDelegate.swift in Sources */,
			);
			runOnlyForDeploymentPostprocessing = 0;
		};
/* End PBXSourcesBuildPhase section */

/* Begin PBXVariantGroup section */
		E669ED9A213A014E00710F5D /* LaunchScreen.storyboard */ = {
			isa = PBXVariantGroup;
			children = (
				E669ED9B213A014E00710F5D /* Base */,
			);
			name = LaunchScreen.storyboard;
			sourceTree = "<group>";
		};
/* End PBXVariantGroup section */

/* Begin XCBuildConfiguration section */
		E669ED9E213A014E00710F5D /* Debug */ = {
			isa = XCBuildConfiguration;
			buildSettings = {
				ALWAYS_SEARCH_USER_PATHS = NO;
				CLANG_ANALYZER_NONNULL = YES;
				CLANG_ANALYZER_NUMBER_OBJECT_CONVERSION = YES_AGGRESSIVE;
				CLANG_CXX_LANGUAGE_STANDARD = "gnu++14";
				CLANG_CXX_LIBRARY = "libc++";
				CLANG_ENABLE_MODULES = YES;
				CLANG_ENABLE_OBJC_ARC = YES;
				CLANG_ENABLE_OBJC_WEAK = YES;
				CLANG_WARN_BLOCK_CAPTURE_AUTORELEASING = YES;
				CLANG_WARN_BOOL_CONVERSION = YES;
				CLANG_WARN_COMMA = YES;
				CLANG_WARN_CONSTANT_CONVERSION = YES;
				CLANG_WARN_DEPRECATED_OBJC_IMPLEMENTATIONS = YES;
				CLANG_WARN_DIRECT_OBJC_ISA_USAGE = YES_ERROR;
				CLANG_WARN_DOCUMENTATION_COMMENTS = YES;
				CLANG_WARN_EMPTY_BODY = YES;
				CLANG_WARN_ENUM_CONVERSION = YES;
				CLANG_WARN_INFINITE_RECURSION = YES;
				CLANG_WARN_INT_CONVERSION = YES;
				CLANG_WARN_NON_LITERAL_NULL_CONVERSION = YES;
				CLANG_WARN_OBJC_IMPLICIT_RETAIN_SELF = YES;
				CLANG_WARN_OBJC_LITERAL_CONVERSION = YES;
				CLANG_WARN_OBJC_ROOT_CLASS = YES_ERROR;
				CLANG_WARN_RANGE_LOOP_ANALYSIS = YES;
				CLANG_WARN_STRICT_PROTOTYPES = YES;
				CLANG_WARN_SUSPICIOUS_MOVE = YES;
				CLANG_WARN_UNGUARDED_AVAILABILITY = YES_AGGRESSIVE;
				CLANG_WARN_UNREACHABLE_CODE = YES;
				CLANG_WARN__DUPLICATE_METHOD_MATCH = YES;
				CODE_SIGN_IDENTITY = "iPhone Developer";
				COPY_PHASE_STRIP = NO;
				DEBUG_INFORMATION_FORMAT = dwarf;
				ENABLE_STRICT_OBJC_MSGSEND = YES;
				ENABLE_TESTABILITY = YES;
				GCC_C_LANGUAGE_STANDARD = gnu11;
				GCC_DYNAMIC_NO_PIC = NO;
				GCC_NO_COMMON_BLOCKS = YES;
				GCC_OPTIMIZATION_LEVEL = 0;
				GCC_PREPROCESSOR_DEFINITIONS = (
					"DEBUG=1",
					"$(inherited)",
				);
				GCC_WARN_64_TO_32_BIT_CONVERSION = YES;
				GCC_WARN_ABOUT_RETURN_TYPE = YES_ERROR;
				GCC_WARN_UNDECLARED_SELECTOR = YES;
				GCC_WARN_UNINITIALIZED_AUTOS = YES_AGGRESSIVE;
				GCC_WARN_UNUSED_FUNCTION = YES;
				GCC_WARN_UNUSED_VARIABLE = YES;
				IPHONEOS_DEPLOYMENT_TARGET = 12.0;
				MTL_ENABLE_DEBUG_INFO = INCLUDE_SOURCE;
				ONLY_ACTIVE_ARCH = YES;
				SDKROOT = iphoneos;
				SWIFT_ACTIVE_COMPILATION_CONDITIONS = DEBUG;
				SWIFT_OPTIMIZATION_LEVEL = "-Onone";
			};
			name = Debug;
		};
		E669ED9F213A014E00710F5D /* Release */ = {
			isa = XCBuildConfiguration;
			buildSettings = {
				ALWAYS_SEARCH_USER_PATHS = NO;
				CLANG_ANALYZER_NONNULL = YES;
				CLANG_ANALYZER_NUMBER_OBJECT_CONVERSION = YES_AGGRESSIVE;
				CLANG_CXX_LANGUAGE_STANDARD = "gnu++14";
				CLANG_CXX_LIBRARY = "libc++";
				CLANG_ENABLE_MODULES = YES;
				CLANG_ENABLE_OBJC_ARC = YES;
				CLANG_ENABLE_OBJC_WEAK = YES;
				CLANG_WARN_BLOCK_CAPTURE_AUTORELEASING = YES;
				CLANG_WARN_BOOL_CONVERSION = YES;
				CLANG_WARN_COMMA = YES;
				CLANG_WARN_CONSTANT_CONVERSION = YES;
				CLANG_WARN_DEPRECATED_OBJC_IMPLEMENTATIONS = YES;
				CLANG_WARN_DIRECT_OBJC_ISA_USAGE = YES_ERROR;
				CLANG_WARN_DOCUMENTATION_COMMENTS = YES;
				CLANG_WARN_EMPTY_BODY = YES;
				CLANG_WARN_ENUM_CONVERSION = YES;
				CLANG_WARN_INFINITE_RECURSION = YES;
				CLANG_WARN_INT_CONVERSION = YES;
				CLANG_WARN_NON_LITERAL_NULL_CONVERSION = YES;
				CLANG_WARN_OBJC_IMPLICIT_RETAIN_SELF = YES;
				CLANG_WARN_OBJC_LITERAL_CONVERSION = YES;
				CLANG_WARN_OBJC_ROOT_CLASS = YES_ERROR;
				CLANG_WARN_RANGE_LOOP_ANALYSIS = YES;
				CLANG_WARN_STRICT_PROTOTYPES = YES;
				CLANG_WARN_SUSPICIOUS_MOVE = YES;
				CLANG_WARN_UNGUARDED_AVAILABILITY = YES_AGGRESSIVE;
				CLANG_WARN_UNREACHABLE_CODE = YES;
				CLANG_WARN__DUPLICATE_METHOD_MATCH = YES;
				CODE_SIGN_IDENTITY = "iPhone Developer";
				COPY_PHASE_STRIP = NO;
				DEBUG_INFORMATION_FORMAT = "dwarf-with-dsym";
				ENABLE_NS_ASSERTIONS = NO;
				ENABLE_STRICT_OBJC_MSGSEND = YES;
				GCC_C_LANGUAGE_STANDARD = gnu11;
				GCC_NO_COMMON_BLOCKS = YES;
				GCC_WARN_64_TO_32_BIT_CONVERSION = YES;
				GCC_WARN_ABOUT_RETURN_TYPE = YES_ERROR;
				GCC_WARN_UNDECLARED_SELECTOR = YES;
				GCC_WARN_UNINITIALIZED_AUTOS = YES_AGGRESSIVE;
				GCC_WARN_UNUSED_FUNCTION = YES;
				GCC_WARN_UNUSED_VARIABLE = YES;
				IPHONEOS_DEPLOYMENT_TARGET = 12.0;
				MTL_ENABLE_DEBUG_INFO = NO;
				SDKROOT = iphoneos;
				SWIFT_COMPILATION_MODE = wholemodule;
				SWIFT_OPTIMIZATION_LEVEL = "-O";
				VALIDATE_PRODUCT = YES;
			};
			name = Release;
		};
		E669EDA1213A014E00710F5D /* Debug */ = {
			isa = XCBuildConfiguration;
			buildSettings = {
				ASSETCATALOG_COMPILER_APPICON_NAME = AppIcon;
				CODE_SIGN_STYLE = Automatic;
				DEVELOPMENT_TEAM = K78G42H4U2;
				INFOPLIST_FILE = Moproto/Info.plist;
				LD_RUNPATH_SEARCH_PATHS = (
					"$(inherited)",
					"@executable_path/Frameworks",
				);
				PRODUCT_BUNDLE_IDENTIFIER = com.joeblau.Moproto;
				PRODUCT_NAME = "$(TARGET_NAME)";
				SWIFT_VERSION = 4.2;
				TARGETED_DEVICE_FAMILY = 1;
			};
			name = Debug;
		};
		E669EDA2213A014E00710F5D /* Release */ = {
			isa = XCBuildConfiguration;
			buildSettings = {
				ASSETCATALOG_COMPILER_APPICON_NAME = AppIcon;
				CODE_SIGN_STYLE = Automatic;
				DEVELOPMENT_TEAM = K78G42H4U2;
				INFOPLIST_FILE = Moproto/Info.plist;
				LD_RUNPATH_SEARCH_PATHS = (
					"$(inherited)",
					"@executable_path/Frameworks",
				);
				PRODUCT_BUNDLE_IDENTIFIER = com.joeblau.Moproto;
				PRODUCT_NAME = "$(TARGET_NAME)";
				SWIFT_VERSION = 4.2;
				TARGETED_DEVICE_FAMILY = 1;
			};
			name = Release;
		};
/* End XCBuildConfiguration section */

/* Begin XCConfigurationList section */
		E669ED89213A014D00710F5D /* Build configuration list for PBXProject "Moproto" */ = {
			isa = XCConfigurationList;
			buildConfigurations = (
				E669ED9E213A014E00710F5D /* Debug */,
				E669ED9F213A014E00710F5D /* Release */,
			);
			defaultConfigurationIsVisible = 0;
			defaultConfigurationName = Release;
		};
		E669EDA0213A014E00710F5D /* Build configuration list for PBXNativeTarget "Moproto" */ = {
			isa = XCConfigurationList;
			buildConfigurations = (
				E669EDA1213A014E00710F5D /* Debug */,
				E669EDA2213A014E00710F5D /* Release */,
			);
			defaultConfigurationIsVisible = 0;
			defaultConfigurationName = Release;
		};
/* End XCConfigurationList section */
	};
	rootObject = E669ED86213A014D00710F5D /* Project object */;
}
